
Microsoft Visual Studio Solution File, Format Version 11.00
# Visual Studio 2010
Project("{FAE04EC0-301F-11D3-BF4B-00C04F79EFBC}") = "NaughtyAttributes.Test", "NaughtyAttributes.Test.csproj", "{d4779e44-34a7-3f7c-b023-e4287563ad6c}"
EndProject
Project("{FAE04EC0-301F-11D3-BF4B-00C04F79EFBC}") = "ComponentBasedAnimations", "ComponentBasedAnimations.csproj", "{26799b61-b62f-29f2-3ed5-c392f06a1edb}"
EndProject
Project("{FAE04EC0-301F-11D3-BF4B-00C04F79EFBC}") = "NaughtyAttributes.Core", "NaughtyAttributes.Core.csproj", "{8eead09c-6944-3870-8079-852c523334d0}"
EndProject
Project("{FAE04EC0-301F-11D3-BF4B-00C04F79EFBC}") = "DOTween.Modules", "DOTween.Modules.csproj", "{5a738b21-4a20-57a9-52a7-3187fde3a3e4}"
EndProject
Project("{FAE04EC0-301F-11D3-BF4B-00C04F79EFBC}") = "Assembly-CSharp", "Assembly-CSharp.csproj", "{b5708a07-2f9f-ef64-2c4c-244c5fef88d3}"
EndProject
Project("{FAE04EC0-301F-11D3-BF4B-00C04F79EFBC}") = "NaughtyAttributes.Editor", "NaughtyAttributes.Editor.csproj", "{c555af35-2114-0d29-be0a-5ba66fcff60b}"
EndProject
Project("{FAE04EC0-301F-11D3-BF4B-00C04F79EFBC}") = "Assembly-CSharp-Editor-firstpass", "Assembly-CSharp-Editor-firstpass.csproj", "{164d5245-c933-85f9-e733-9f821249c638}"
EndProject
Project("{FAE04EC0-301F-11D3-BF4B-00C04F79EFBC}") = "Assembly-CSharp-firstpass", "Assembly-CSharp-firstpass.csproj", "{618902da-d891-df56-38d9-3773f3ef3116}"
EndProject
Global
	GlobalSection(SolutionConfigurationPlatforms) = preSolution
		Debug|Any CPU = Debug|Any CPU
	EndGlobalSection
	GlobalSection(ProjectConfigurationPlatforms) = postSolution
		{d4779e44-34a7-3f7c-b023-e4287563ad6c}.Debug|Any CPU.ActiveCfg = Debug|Any CPU
		{d4779e44-34a7-3f7c-b023-e4287563ad6c}.Debug|Any CPU.Build.0 = Debug|Any CPU
		{26799b61-b62f-29f2-3ed5-c392f06a1edb}.Debug|Any CPU.ActiveCfg = Debug|Any CPU
		{26799b61-b62f-29f2-3ed5-c392f06a1edb}.Debug|Any CPU.Build.0 = Debug|Any CPU
		{8eead09c-6944-3870-8079-852c523334d0}.Debug|Any CPU.ActiveCfg = Debug|Any CPU
		{8eead09c-6944-3870-8079-852c523334d0}.Debug|Any CPU.Build.0 = Debug|Any CPU
		{5a738b21-4a20-57a9-52a7-3187fde3a3e4}.Debug|Any CPU.ActiveCfg = Debug|Any CPU
		{5a738b21-4a20-57a9-52a7-3187fde3a3e4}.Debug|Any CPU.Build.0 = Debug|Any CPU
		{b5708a07-2f9f-ef64-2c4c-244c5fef88d3}.Debug|Any CPU.ActiveCfg = Debug|Any CPU
		{b5708a07-2f9f-ef64-2c4c-244c5fef88d3}.Debug|Any CPU.Build.0 = Debug|Any CPU
		{c555af35-2114-0d29-be0a-5ba66fcff60b}.Debug|Any CPU.ActiveCfg = Debug|Any CPU
		{c555af35-2114-0d29-be0a-5ba66fcff60b}.Debug|Any CPU.Build.0 = Debug|Any CPU
		{164d5245-c933-85f9-e733-9f821249c638}.Debug|Any CPU.ActiveCfg = Debug|Any CPU
		{164d5245-c933-85f9-e733-9f821249c638}.Debug|Any CPU.Build.0 = Debug|Any CPU
		{618902da-d891-df56-38d9-3773f3ef3116}.Debug|Any CPU.ActiveCfg = Debug|Any CPU
		{618902da-d891-df56-38d9-3773f3ef3116}.Debug|Any CPU.Build.0 = Debug|Any CPU
	EndGlobalSection
	GlobalSection(SolutionProperties) = preSolution
		HideSolutionNode = FALSE
	EndGlobalSection
EndGlobal
